
Microsoft Visual Studio Solution File, Format Version 12.00
# Visual Studio Version 17
VisualStudioVersion = 17.0.31903.59
MinimumVisualStudioVersion = 10.0.40219.1
Project("{FAE04EC0-301F-11D3-BF4B-00C04F79EFBC}") = "RRBridal.StoreBilling.App", "RRBridal.StoreBilling.App\RRBridal.StoreBilling.App.csproj", "{23FBF331-56A0-44FC-B0B0-6A149F7E9EBC}"
EndProject
Global
	GlobalSection(SolutionConfigurationPlatforms) = preSolution
		Debug|Any CPU = Debug|Any CPU
		Debug|x64 = Debug|x64
		Debug|x86 = Debug|x86
		Release|Any CPU = Release|Any CPU
		Release|x64 = Release|x64
		Release|x86 = Release|x86
	EndGlobalSection
	GlobalSection(ProjectConfigurationPlatforms) = postSolution
		{23FBF331-56A0-44FC-B0B0-6A149F7E9EBC}.Debug|Any CPU.ActiveCfg = Debug|Any CPU
		{23FBF331-56A0-44FC-B0B0-6A149F7E9EBC}.Debug|Any CPU.Build.0 = Debug|Any CPU
		{23FBF331-56A0-44FC-B0B0-6A149F7E9EBC}.Debug|x64.ActiveCfg = Debug|Any CPU
		{23FBF331-56A0-44FC-B0B0-6A149F7E9EBC}.Debug|x64.Build.0 = Debug|Any CPU
		{23FBF331-56A0-44FC-B0B0-6A149F7E9EBC}.Debug|x86.ActiveCfg = Debug|Any CPU
		{23FBF331-56A0-44FC-B0B0-6A149F7E9EBC}.Debug|x86.Build.0 = Debug|Any CPU
		{23FBF331-56A0-44FC-B0B0-6A149F7E9EBC}.Release|Any CPU.ActiveCfg = Release|Any CPU
		{23FBF331-56A0-44FC-B0B0-6A149F7E9EBC}.Release|Any CPU.Build.0 = Release|Any CPU
		{23FBF331-56A0-44FC-B0B0-6A149F7E9EBC}.Release|x64.ActiveCfg = Release|Any CPU
		{23FBF331-56A0-44FC-B0B0-6A149F7E9EBC}.Release|x64.Build.0 = Release|Any CPU
		{23FBF331-56A0-44FC-B0B0-6A149F7E9EBC}.Release|x86.ActiveCfg = Release|Any CPU
		{23FBF331-56A0-44FC-B0B0-6A149F7E9EBC}.Release|x86.Build.0 = Release|Any CPU
	EndGlobalSection
	GlobalSection(SolutionProperties) = preSolution
		HideSolutionNode = FALSE
	EndGlobalSection
EndGlobal
